
Microsoft Visual Studio Solution File, Format Version 12.00
# Visual Studio Version 17
VisualStudioVersion = 17.7.34031.279
MinimumVisualStudioVersion = 10.0.40219.1
Project("{FAE04EC0-301F-11D3-BF4B-00C04F79EFBC}") = "WpfLockSample", "WpfLockSample\WpfLockSample.csproj", "{DE995660-2758-4B91-9D13-44DDB64FE0F4}"
EndProject
Project("{2150E333-8FDC-42A3-9474-1A3956D46DE8}") = "Solution Items", "Solution Items", "{D93B3B8E-D5E2-4CFC-BE58-48D0F36A04EC}"
	ProjectSection(SolutionItems) = preProject
		Readme.md = Readme.md
	EndProjectSection
EndProject
Global
	GlobalSection(SolutionConfigurationPlatforms) = preSolution
		Debug|Any CPU = Debug|Any CPU
		Release|Any CPU = Release|Any CPU
	EndGlobalSection
	GlobalSection(ProjectConfigurationPlatforms) = postSolution
		{DE995660-2758-4B91-9D13-44DDB64FE0F4}.Debug|Any CPU.ActiveCfg = Debug|Any CPU
		{DE995660-2758-4B91-9D13-44DDB64FE0F4}.Debug|Any CPU.Build.0 = Debug|Any CPU
		{DE995660-2758-4B91-9D13-44DDB64FE0F4}.Release|Any CPU.ActiveCfg = Release|Any CPU
		{DE995660-2758-4B91-9D13-44DDB64FE0F4}.Release|Any CPU.Build.0 = Release|Any CPU
	EndGlobalSection
	GlobalSection(SolutionProperties) = preSolution
		HideSolutionNode = FALSE
	EndGlobalSection
	GlobalSection(ExtensibilityGlobals) = postSolution
		SolutionGuid = {5975CEC3-CE3B-426A-B0E7-96127AEEDB2F}
	EndGlobalSection
EndGlobal
